
Microsoft Visual Studio Solution File, Format Version 12.00
# Visual Studio Version 16
VisualStudioVersion = 16.0.30621.155
MinimumVisualStudioVersion = 10.0.40219.1
Project("{FAE04EC0-301F-11D3-BF4B-00C04F79EFBC}") = "cpMgr", "cpMgr.csproj", "{35610F79-1FF3-4A38-BB1A-0AB4F976295A}"
	ProjectSection(ProjectDependencies) = postProject
		{FFDEB1BD-E4B6-4B70-9091-3038970FA6F4} = {FFDEB1BD-E4B6-4B70-9091-3038970FA6F4}
	EndProjectSection
EndProject
Project("{FAE04EC0-301F-11D3-BF4B-00C04F79EFBC}") = "MyWpfControl", "MyWpfControl\MyWpfControl.csproj", "{FFDEB1BD-E4B6-4B70-9091-3038970FA6F4}"
EndProject
Global
	GlobalSection(SolutionConfigurationPlatforms) = preSolution
		Debug|Any CPU = Debug|Any CPU
		Release|Any CPU = Release|Any CPU
	EndGlobalSection
	GlobalSection(ProjectConfigurationPlatforms) = postSolution
		{35610F79-1FF3-4A38-BB1A-0AB4F976295A}.Debug|Any CPU.ActiveCfg = Debug|Any CPU
		{35610F79-1FF3-4A38-BB1A-0AB4F976295A}.Debug|Any CPU.Build.0 = Debug|Any CPU
		{35610F79-1FF3-4A38-BB1A-0AB4F976295A}.Release|Any CPU.ActiveCfg = Release|Any CPU
		{35610F79-1FF3-4A38-BB1A-0AB4F976295A}.Release|Any CPU.Build.0 = Release|Any CPU
		{FFDEB1BD-E4B6-4B70-9091-3038970FA6F4}.Debug|Any CPU.ActiveCfg = Debug|Any CPU
		{FFDEB1BD-E4B6-4B70-9091-3038970FA6F4}.Debug|Any CPU.Build.0 = Debug|Any CPU
		{FFDEB1BD-E4B6-4B70-9091-3038970FA6F4}.Release|Any CPU.ActiveCfg = Release|Any CPU
		{FFDEB1BD-E4B6-4B70-9091-3038970FA6F4}.Release|Any CPU.Build.0 = Release|Any CPU
	EndGlobalSection
	GlobalSection(SolutionProperties) = preSolution
		HideSolutionNode = FALSE
	EndGlobalSection
	GlobalSection(ExtensibilityGlobals) = postSolution
		SolutionGuid = {59AB4B01-B965-4140-96DF-999CFF9B128F}
	EndGlobalSection
EndGlobal
